// !$*UTF8*$!
{
	archiveVersion = 1;
	classes = {
	};
	objectVersion = 50;
	objects = {

/* Begin PBXBuildFile section */
		DA1A8BE32150AC8A005C3D05 /* DocumentBrowserViewController.swift in Sources */ = {isa = PBXBuildFile; fileRef = DA1A8BE22150AC8A005C3D05 /* DocumentBrowserViewController.swift */; };
		DA1A8BE52150AFB5005C3D05 /* ArticleViewController.swift in Sources */ = {isa = PBXBuildFile; fileRef = DA1A8BE42150AFB5005C3D05 /* ArticleViewController.swift */; };
		DA1A8BEF21529557005C3D05 /* DiskUtility.swift in Sources */ = {isa = PBXBuildFile; fileRef = DA1A8BEE21529557005C3D05 /* DiskUtility.swift */; };
		DA4AEE95215C615A00952456 /* ExampleTests.swift in Sources */ = {isa = PBXBuildFile; fileRef = DAE4837421447F3F00C19A58 /* ExampleTests.swift */; };
		DAE4835E21447F3E00C19A58 /* AppDelegate.swift in Sources */ = {isa = PBXBuildFile; fileRef = DAE4835D21447F3E00C19A58 /* AppDelegate.swift */; };
		DAE4836721447F3F00C19A58 /* Assets.xcassets in Resources */ = {isa = PBXBuildFile; fileRef = DAE4836621447F3F00C19A58 /* Assets.xcassets */; };
		DAE4836A21447F3F00C19A58 /* LaunchScreen.storyboard in Resources */ = {isa = PBXBuildFile; fileRef = DAE4836821447F3F00C19A58 /* LaunchScreen.storyboard */; };
		DAE4839621447F6200C19A58 /* DiskKit.framework in Frameworks */ = {isa = PBXBuildFile; fileRef = DAE4839321447F5B00C19A58 /* DiskKit.framework */; };
		DAE4839721447F6200C19A58 /* DiskKit.framework in Embed Frameworks */ = {isa = PBXBuildFile; fileRef = DAE4839321447F5B00C19A58 /* DiskKit.framework */; settings = {ATTRIBUTES = (CodeSignOnCopy, RemoveHeadersOnCopy, ); }; };
		DAE4839C21447FEB00C19A58 /* Article.swift in Sources */ = {isa = PBXBuildFile; fileRef = DAE4839B21447FEB00C19A58 /* Article.swift */; };
/* End PBXBuildFile section */

/* Begin PBXContainerItemProxy section */
		DA4AEE8F215C5DA600952456 /* PBXContainerItemProxy */ = {
			isa = PBXContainerItemProxy;
			containerPortal = DAE4835221447F3E00C19A58 /* Project object */;
			proxyType = 1;
			remoteGlobalIDString = DAE4835921447F3E00C19A58;
			remoteInfo = Example;
		};
		DAE4839221447F5B00C19A58 /* PBXContainerItemProxy */ = {
			isa = PBXContainerItemProxy;
			containerPortal = DAE4838D21447F5A00C19A58 /* DiskKit.xcodeproj */;
			proxyType = 2;
			remoteGlobalIDString = DAD01094214426340038E5A4;
			remoteInfo = DiskKit;
		};
		DAE4839421447F5B00C19A58 /* PBXContainerItemProxy */ = {
			isa = PBXContainerItemProxy;
			containerPortal = DAE4838D21447F5A00C19A58 /* DiskKit.xcodeproj */;
			proxyType = 2;
			remoteGlobalIDString = DAD0109D214426350038E5A4;
			remoteInfo = DiskKitTests;
		};
		DAE4839821447F6200C19A58 /* PBXContainerItemProxy */ = {
			isa = PBXContainerItemProxy;
			containerPortal = DAE4838D21447F5A00C19A58 /* DiskKit.xcodeproj */;
			proxyType = 1;
			remoteGlobalIDString = DAD01093214426340038E5A4;
			remoteInfo = DiskKit;
		};
/* End PBXContainerItemProxy section */

/* Begin PBXCopyFilesBuildPhase section */
		DAE4839A21447F6200C19A58 /* Embed Frameworks */ = {
			isa = PBXCopyFilesBuildPhase;
			buildActionMask = 2147483647;
			dstPath = "";
			dstSubfolderSpec = 10;
			files = (
				DAE4839721447F6200C19A58 /* DiskKit.framework in Embed Frameworks */,
			);
			name = "Embed Frameworks";
			runOnlyForDeploymentPostprocessing = 0;
		};
/* End PBXCopyFilesBuildPhase section */

/* Begin PBXFileReference section */
		DA1A8BE22150AC8A005C3D05 /* DocumentBrowserViewController.swift */ = {isa = PBXFileReference; lastKnownFileType = sourcecode.swift; path = DocumentBrowserViewController.swift; sourceTree = "<group>"; };
		DA1A8BE42150AFB5005C3D05 /* ArticleViewController.swift */ = {isa = PBXFileReference; fileEncoding = 4; lastKnownFileType = sourcecode.swift; path = ArticleViewController.swift; sourceTree = "<group>"; };
		DA1A8BEE21529557005C3D05 /* DiskUtility.swift */ = {isa = PBXFileReference; lastKnownFileType = sourcecode.swift; path = DiskUtility.swift; sourceTree = "<group>"; };
		DA4AEE8A215C5DA600952456 /* ExampleTests.xctest */ = {isa = PBXFileReference; explicitFileType = wrapper.cfbundle; includeInIndex = 0; path = ExampleTests.xctest; sourceTree = BUILT_PRODUCTS_DIR; };
		DAE4835A21447F3E00C19A58 /* Example.app */ = {isa = PBXFileReference; explicitFileType = wrapper.application; includeInIndex = 0; path = Example.app; sourceTree = BUILT_PRODUCTS_DIR; };
		DAE4835D21447F3E00C19A58 /* AppDelegate.swift */ = {isa = PBXFileReference; lastKnownFileType = sourcecode.swift; path = AppDelegate.swift; sourceTree = "<group>"; };
		DAE4836621447F3F00C19A58 /* Assets.xcassets */ = {isa = PBXFileReference; lastKnownFileType = folder.assetcatalog; path = Assets.xcassets; sourceTree = "<group>"; };
		DAE4836921447F3F00C19A58 /* Base */ = {isa = PBXFileReference; lastKnownFileType = file.storyboard; name = Base; path = Base.lproj/LaunchScreen.storyboard; sourceTree = "<group>"; };
		DAE4836B21447F3F00C19A58 /* Info.plist */ = {isa = PBXFileReference; lastKnownFileType = text.plist.xml; path = Info.plist; sourceTree = "<group>"; };
		DAE4837421447F3F00C19A58 /* ExampleTests.swift */ = {isa = PBXFileReference; lastKnownFileType = sourcecode.swift; path = ExampleTests.swift; sourceTree = "<group>"; };
		DAE4837621447F3F00C19A58 /* Info.plist */ = {isa = PBXFileReference; lastKnownFileType = text.plist.xml; path = Info.plist; sourceTree = "<group>"; };
		DAE4838D21447F5A00C19A58 /* DiskKit.xcodeproj */ = {isa = PBXFileReference; lastKnownFileType = "wrapper.pb-project"; path = DiskKit.xcodeproj; sourceTree = "<group>"; };
		DAE4839B21447FEB00C19A58 /* Article.swift */ = {isa = PBXFileReference; lastKnownFileType = sourcecode.swift; path = Article.swift; sourceTree = "<group>"; };
/* End PBXFileReference section */

/* Begin PBXFrameworksBuildPhase section */
		DA4AEE87215C5DA600952456 /* Frameworks */ = {
			isa = PBXFrameworksBuildPhase;
			buildActionMask = 2147483647;
			files = (
			);
			runOnlyForDeploymentPostprocessing = 0;
		};
		DAE4835721447F3E00C19A58 /* Frameworks */ = {
			isa = PBXFrameworksBuildPhase;
			buildActionMask = 2147483647;
			files = (
				DAE4839621447F6200C19A58 /* DiskKit.framework in Frameworks */,
			);
			runOnlyForDeploymentPostprocessing = 0;
		};
/* End PBXFrameworksBuildPhase section */

/* Begin PBXGroup section */
		DAE4835121447F3E00C19A58 = {
			isa = PBXGroup;
			children = (
				DAE4838D21447F5A00C19A58 /* DiskKit.xcodeproj */,
				DAE4835C21447F3E00C19A58 /* Example */,
				DAE4837321447F3F00C19A58 /* ExampleTests */,
				DAE4835B21447F3E00C19A58 /* Products */,
			);
			sourceTree = "<group>";
		};
		DAE4835B21447F3E00C19A58 /* Products */ = {
			isa = PBXGroup;
			children = (
				DAE4835A21447F3E00C19A58 /* Example.app */,
				DA4AEE8A215C5DA600952456 /* ExampleTests.xctest */,
			);
			name = Products;
			sourceTree = "<group>";
		};
		DAE4835C21447F3E00C19A58 /* Example */ = {
			isa = PBXGroup;
			children = (
				DAE4839B21447FEB00C19A58 /* Article.swift */,
				DAE4835D21447F3E00C19A58 /* AppDelegate.swift */,
				DA1A8BE22150AC8A005C3D05 /* DocumentBrowserViewController.swift */,
				DA1A8BEE21529557005C3D05 /* DiskUtility.swift */,
				DA1A8BE42150AFB5005C3D05 /* ArticleViewController.swift */,
				DAE4836621447F3F00C19A58 /* Assets.xcassets */,
				DAE4836821447F3F00C19A58 /* LaunchScreen.storyboard */,
				DAE4836B21447F3F00C19A58 /* Info.plist */,
			);
			path = Example;
			sourceTree = "<group>";
		};
		DAE4837321447F3F00C19A58 /* ExampleTests */ = {
			isa = PBXGroup;
			children = (
				DAE4837421447F3F00C19A58 /* ExampleTests.swift */,
				DAE4837621447F3F00C19A58 /* Info.plist */,
			);
			path = ExampleTests;
			sourceTree = "<group>";
		};
		DAE4838E21447F5A00C19A58 /* Products */ = {
			isa = PBXGroup;
			children = (
				DAE4839321447F5B00C19A58 /* DiskKit.framework */,
				DAE4839521447F5B00C19A58 /* DiskKitTests.xctest */,
			);
			name = Products;
			sourceTree = "<group>";
		};
/* End PBXGroup section */

/* Begin PBXNativeTarget section */
		DA4AEE89215C5DA600952456 /* ExampleTests */ = {
			isa = PBXNativeTarget;
			buildConfigurationList = DA4AEE91215C5DA600952456 /* Build configuration list for PBXNativeTarget "ExampleTests" */;
			buildPhases = (
				DA4AEE86215C5DA600952456 /* Sources */,
				DA4AEE87215C5DA600952456 /* Frameworks */,
				DA4AEE88215C5DA600952456 /* Resources */,
			);
			buildRules = (
			);
			dependencies = (
				DA4AEE90215C5DA600952456 /* PBXTargetDependency */,
			);
			name = ExampleTests;
			productName = ExampleTests;
			productReference = DA4AEE8A215C5DA600952456 /* ExampleTests.xctest */;
			productType = "com.apple.product-type.bundle.unit-test";
		};
		DAE4835921447F3E00C19A58 /* Example */ = {
			isa = PBXNativeTarget;
			buildConfigurationList = DAE4838421447F3F00C19A58 /* Build configuration list for PBXNativeTarget "Example" */;
			buildPhases = (
				DAE4835621447F3E00C19A58 /* Sources */,
				DAE4835721447F3E00C19A58 /* Frameworks */,
				DAE4835821447F3E00C19A58 /* Resources */,
				DAE4839A21447F6200C19A58 /* Embed Frameworks */,
			);
			buildRules = (
			);
			dependencies = (
				DAE4839921447F6200C19A58 /* PBXTargetDependency */,
			);
			name = Example;
			productName = Example;
			productReference = DAE4835A21447F3E00C19A58 /* Example.app */;
			productType = "com.apple.product-type.application";
		};
/* End PBXNativeTarget section */

/* Begin PBXProject section */
		DAE4835221447F3E00C19A58 /* Project object */ = {
			isa = PBXProject;
			attributes = {
				LastSwiftUpdateCheck = 1000;
				LastUpgradeCheck = 0940;
				ORGANIZATIONNAME = "Jacob Sikorski";
				TargetAttributes = {
					DA4AEE89215C5DA600952456 = {
						CreatedOnToolsVersion = 10.0;
						TestTargetID = DAE4835921447F3E00C19A58;
					};
					DAE4835921447F3E00C19A58 = {
						CreatedOnToolsVersion = 9.4.1;
					};
				};
			};
			buildConfigurationList = DAE4835521447F3E00C19A58 /* Build configuration list for PBXProject "Example" */;
			compatibilityVersion = "Xcode 9.3";
			developmentRegion = en;
			hasScannedForEncodings = 0;
			knownRegions = (
				en,
				Base,
			);
			mainGroup = DAE4835121447F3E00C19A58;
			productRefGroup = DAE4835B21447F3E00C19A58 /* Products */;
			projectDirPath = "";
			projectReferences = (
				{
					ProductGroup = DAE4838E21447F5A00C19A58 /* Products */;
					ProjectRef = DAE4838D21447F5A00C19A58 /* DiskKit.xcodeproj */;
				},
			);
			projectRoot = "";
			targets = (
				DAE4835921447F3E00C19A58 /* Example */,
				DA4AEE89215C5DA600952456 /* ExampleTests */,
			);
		};
/* End PBXProject section */

/* Begin PBXReferenceProxy section */
		DAE4839321447F5B00C19A58 /* DiskKit.framework */ = {
			isa = PBXReferenceProxy;
			fileType = wrapper.framework;
			path = DiskKit.framework;
			remoteRef = DAE4839221447F5B00C19A58 /* PBXContainerItemProxy */;
			sourceTree = BUILT_PRODUCTS_DIR;
		};
		DAE4839521447F5B00C19A58 /* DiskKitTests.xctest */ = {
			isa = PBXReferenceProxy;
			fileType = wrapper.cfbundle;
			path = DiskKitTests.xctest;
			remoteRef = DAE4839421447F5B00C19A58 /* PBXContainerItemProxy */;
			sourceTree = BUILT_PRODUCTS_DIR;
		};
/* End PBXReferenceProxy section */

/* Begin PBXResourcesBuildPhase section */
		DA4AEE88215C5DA600952456 /* Resources */ = {
			isa = PBXResourcesBuildPhase;
			buildActionMask = 2147483647;
			files = (
			);
			runOnlyForDeploymentPostprocessing = 0;
		};
		DAE4835821447F3E00C19A58 /* Resources */ = {
			isa = PBXResourcesBuildPhase;
			buildActionMask = 2147483647;
			files = (
				DAE4836A21447F3F00C19A58 /* LaunchScreen.storyboard in Resources */,
				DAE4836721447F3F00C19A58 /* Assets.xcassets in Resources */,
			);
			runOnlyForDeploymentPostprocessing = 0;
		};
/* End PBXResourcesBuildPhase section */

/* Begin PBXSourcesBuildPhase section */
		DA4AEE86215C5DA600952456 /* Sources */ = {
			isa = PBXSourcesBuildPhase;
			buildActionMask = 2147483647;
			files = (
				DA4AEE95215C615A00952456 /* ExampleTests.swift in Sources */,
			);
			runOnlyForDeploymentPostprocessing = 0;
		};
		DAE4835621447F3E00C19A58 /* Sources */ = {
			isa = PBXSourcesBuildPhase;
			buildActionMask = 2147483647;
			files = (
				DAE4839C21447FEB00C19A58 /* Article.swift in Sources */,
				DA1A8BEF21529557005C3D05 /* DiskUtility.swift in Sources */,
				DA1A8BE32150AC8A005C3D05 /* DocumentBrowserViewController.swift in Sources */,
				DAE4835E21447F3E00C19A58 /* AppDelegate.swift in Sources */,
				DA1A8BE52150AFB5005C3D05 /* ArticleViewController.swift in Sources */,
			);
			runOnlyForDeploymentPostprocessing = 0;
		};
/* End PBXSourcesBuildPhase section */

/* Begin PBXTargetDependency section */
		DA4AEE90215C5DA600952456 /* PBXTargetDependency */ = {
			isa = PBXTargetDependency;
			target = DAE4835921447F3E00C19A58 /* Example */;
			targetProxy = DA4AEE8F215C5DA600952456 /* PBXContainerItemProxy */;
		};
		DAE4839921447F6200C19A58 /* PBXTargetDependency */ = {
			isa = PBXTargetDependency;
			name = DiskKit;
			targetProxy = DAE4839821447F6200C19A58 /* PBXContainerItemProxy */;
		};
/* End PBXTargetDependency section */

/* Begin PBXVariantGroup section */
		DAE4836821447F3F00C19A58 /* LaunchScreen.storyboard */ = {
			isa = PBXVariantGroup;
			children = (
				DAE4836921447F3F00C19A58 /* Base */,
			);
			name = LaunchScreen.storyboard;
			sourceTree = "<group>";
		};
/* End PBXVariantGroup section */

/* Begin XCBuildConfiguration section */
		DA4AEE92215C5DA600952456 /* Debug */ = {
			isa = XCBuildConfiguration;
			buildSettings = {
				BUNDLE_LOADER = "$(TEST_HOST)";
				CODE_SIGN_STYLE = Automatic;
				DEVELOPMENT_TEAM = 5P99QDD6WR;
				INFOPLIST_FILE = ExampleTests/Info.plist;
				IPHONEOS_DEPLOYMENT_TARGET = 12.0;
				LD_RUNPATH_SEARCH_PATHS = (
					"$(inherited)",
					"@executable_path/Frameworks",
					"@loader_path/Frameworks",
				);
				MTL_ENABLE_DEBUG_INFO = INCLUDE_SOURCE;
				MTL_FAST_MATH = YES;
				PRODUCT_BUNDLE_IDENTIFIER = com.jacobsikorski.DiskKit.Example.ExampleTests;
				PRODUCT_NAME = "$(TARGET_NAME)";
				SWIFT_VERSION = 4.2;
				TARGETED_DEVICE_FAMILY = "1,2";
				TEST_HOST = "$(BUILT_PRODUCTS_DIR)/Example.app/Example";
			};
			name = Debug;
		};
		DA4AEE93215C5DA600952456 /* Release */ = {
			isa = XCBuildConfiguration;
			buildSettings = {
				BUNDLE_LOADER = "$(TEST_HOST)";
				CODE_SIGN_STYLE = Automatic;
				DEVELOPMENT_TEAM = 5P99QDD6WR;
				INFOPLIST_FILE = ExampleTests/Info.plist;
				IPHONEOS_DEPLOYMENT_TARGET = 12.0;
				LD_RUNPATH_SEARCH_PATHS = (
					"$(inherited)",
					"@executable_path/Frameworks",
					"@loader_path/Frameworks",
				);
				MTL_FAST_MATH = YES;
				PRODUCT_BUNDLE_IDENTIFIER = com.jacobsikorski.DiskKit.Example.ExampleTests;
				PRODUCT_NAME = "$(TARGET_NAME)";
				SWIFT_VERSION = 4.2;
				TARGETED_DEVICE_FAMILY = "1,2";
				TEST_HOST = "$(BUILT_PRODUCTS_DIR)/Example.app/Example";
			};
			name = Release;
		};
		DAE4838221447F3F00C19A58 /* Debug */ = {
			isa = XCBuildConfiguration;
			buildSettings = {
				ALWAYS_SEARCH_USER_PATHS = NO;
				CLANG_ANALYZER_NONNULL = YES;
				CLANG_ANALYZER_NUMBER_OBJECT_CONVERSION = YES_AGGRESSIVE;
				CLANG_CXX_LANGUAGE_STANDARD = "gnu++14";
				CLANG_CXX_LIBRARY = "libc++";
				CLANG_ENABLE_MODULES = YES;
				CLANG_ENABLE_OBJC_ARC = YES;
				CLANG_ENABLE_OBJC_WEAK = YES;
				CLANG_WARN_BLOCK_CAPTURE_AUTORELEASING = YES;
				CLANG_WARN_BOOL_CONVERSION = YES;
				CLANG_WARN_COMMA = YES;
				CLANG_WARN_CONSTANT_CONVERSION = YES;
				CLANG_WARN_DEPRECATED_OBJC_IMPLEMENTATIONS = YES;
				CLANG_WARN_DIRECT_OBJC_ISA_USAGE = YES_ERROR;
				CLANG_WARN_DOCUMENTATION_COMMENTS = YES;
				CLANG_WARN_EMPTY_BODY = YES;
				CLANG_WARN_ENUM_CONVERSION = YES;
				CLANG_WARN_INFINITE_RECURSION = YES;
				CLANG_WARN_INT_CONVERSION = YES;
				CLANG_WARN_NON_LITERAL_NULL_CONVERSION = YES;
				CLANG_WARN_OBJC_IMPLICIT_RETAIN_SELF = YES;
				CLANG_WARN_OBJC_LITERAL_CONVERSION = YES;
				CLANG_WARN_OBJC_ROOT_CLASS = YES_ERROR;
				CLANG_WARN_RANGE_LOOP_ANALYSIS = YES;
				CLANG_WARN_STRICT_PROTOTYPES = YES;
				CLANG_WARN_SUSPICIOUS_MOVE = YES;
				CLANG_WARN_UNGUARDED_AVAILABILITY = YES_AGGRESSIVE;
				CLANG_WARN_UNREACHABLE_CODE = YES;
				CLANG_WARN__DUPLICATE_METHOD_MATCH = YES;
				CODE_SIGN_IDENTITY = "iPhone Developer";
				COPY_PHASE_STRIP = NO;
				DEBUG_INFORMATION_FORMAT = dwarf;
				ENABLE_STRICT_OBJC_MSGSEND = YES;
				ENABLE_TESTABILITY = YES;
				GCC_C_LANGUAGE_STANDARD = gnu11;
				GCC_DYNAMIC_NO_PIC = NO;
				GCC_NO_COMMON_BLOCKS = YES;
				GCC_OPTIMIZATION_LEVEL = 0;
				GCC_PREPROCESSOR_DEFINITIONS = (
					"DEBUG=1",
					"$(inherited)",
				);
				GCC_WARN_64_TO_32_BIT_CONVERSION = YES;
				GCC_WARN_ABOUT_RETURN_TYPE = YES_ERROR;
				GCC_WARN_UNDECLARED_SELECTOR = YES;
				GCC_WARN_UNINITIALIZED_AUTOS = YES_AGGRESSIVE;
				GCC_WARN_UNUSED_FUNCTION = YES;
				GCC_WARN_UNUSED_VARIABLE = YES;
				IPHONEOS_DEPLOYMENT_TARGET = 11.4;
				MTL_ENABLE_DEBUG_INFO = YES;
				ONLY_ACTIVE_ARCH = YES;
				SDKROOT = iphoneos;
				SWIFT_ACTIVE_COMPILATION_CONDITIONS = DEBUG;
				SWIFT_OPTIMIZATION_LEVEL = "-Onone";
			};
			name = Debug;
		};
		DAE4838321447F3F00C19A58 /* Release */ = {
			isa = XCBuildConfiguration;
			buildSettings = {
				ALWAYS_SEARCH_USER_PATHS = NO;
				CLANG_ANALYZER_NONNULL = YES;
				CLANG_ANALYZER_NUMBER_OBJECT_CONVERSION = YES_AGGRESSIVE;
				CLANG_CXX_LANGUAGE_STANDARD = "gnu++14";
				CLANG_CXX_LIBRARY = "libc++";
				CLANG_ENABLE_MODULES = YES;
				CLANG_ENABLE_OBJC_ARC = YES;
				CLANG_ENABLE_OBJC_WEAK = YES;
				CLANG_WARN_BLOCK_CAPTURE_AUTORELEASING = YES;
				CLANG_WARN_BOOL_CONVERSION = YES;
				CLANG_WARN_COMMA = YES;
				CLANG_WARN_CONSTANT_CONVERSION = YES;
				CLANG_WARN_DEPRECATED_OBJC_IMPLEMENTATIONS = YES;
				CLANG_WARN_DIRECT_OBJC_ISA_USAGE = YES_ERROR;
				CLANG_WARN_DOCUMENTATION_COMMENTS = YES;
				CLANG_WARN_EMPTY_BODY = YES;
				CLANG_WARN_ENUM_CONVERSION = YES;
				CLANG_WARN_INFINITE_RECURSION = YES;
				CLANG_WARN_INT_CONVERSION = YES;
				CLANG_WARN_NON_LITERAL_NULL_CONVERSION = YES;
				CLANG_WARN_OBJC_IMPLICIT_RETAIN_SELF = YES;
				CLANG_WARN_OBJC_LITERAL_CONVERSION = YES;
				CLANG_WARN_OBJC_ROOT_CLASS = YES_ERROR;
				CLANG_WARN_RANGE_LOOP_ANALYSIS = YES;
				CLANG_WARN_STRICT_PROTOTYPES = YES;
				CLANG_WARN_SUSPICIOUS_MOVE = YES;
				CLANG_WARN_UNGUARDED_AVAILABILITY = YES_AGGRESSIVE;
				CLANG_WARN_UNREACHABLE_CODE = YES;
				CLANG_WARN__DUPLICATE_METHOD_MATCH = YES;
				CODE_SIGN_IDENTITY = "iPhone Developer";
				COPY_PHASE_STRIP = NO;
				DEBUG_INFORMATION_FORMAT = "dwarf-with-dsym";
				ENABLE_NS_ASSERTIONS = NO;
				ENABLE_STRICT_OBJC_MSGSEND = YES;
				GCC_C_LANGUAGE_STANDARD = gnu11;
				GCC_NO_COMMON_BLOCKS = YES;
				GCC_WARN_64_TO_32_BIT_CONVERSION = YES;
				GCC_WARN_ABOUT_RETURN_TYPE = YES_ERROR;
				GCC_WARN_UNDECLARED_SELECTOR = YES;
				GCC_WARN_UNINITIALIZED_AUTOS = YES_AGGRESSIVE;
				GCC_WARN_UNUSED_FUNCTION = YES;
				GCC_WARN_UNUSED_VARIABLE = YES;
				IPHONEOS_DEPLOYMENT_TARGET = 11.4;
				MTL_ENABLE_DEBUG_INFO = NO;
				SDKROOT = iphoneos;
				SWIFT_COMPILATION_MODE = wholemodule;
				SWIFT_OPTIMIZATION_LEVEL = "-O";
				VALIDATE_PRODUCT = YES;
			};
			name = Release;
		};
		DAE4838521447F3F00C19A58 /* Debug */ = {
			isa = XCBuildConfiguration;
			buildSettings = {
				ALWAYS_EMBED_SWIFT_STANDARD_LIBRARIES = YES;
				ASSETCATALOG_COMPILER_APPICON_NAME = AppIcon;
				CODE_SIGN_STYLE = Automatic;
				DEVELOPMENT_TEAM = 5P99QDD6WR;
				INFOPLIST_FILE = Example/Info.plist;
				IPHONEOS_DEPLOYMENT_TARGET = 12.0;
				LD_RUNPATH_SEARCH_PATHS = (
					"$(inherited)",
					"@executable_path/Frameworks",
				);
				PRODUCT_BUNDLE_IDENTIFIER = com.jacobsikorski.DiskKit.Example;
				PRODUCT_NAME = "$(TARGET_NAME)";
				SWIFT_VERSION = 4.2;
				TARGETED_DEVICE_FAMILY = "1,2";
			};
			name = Debug;
		};
		DAE4838621447F3F00C19A58 /* Release */ = {
			isa = XCBuildConfiguration;
			buildSettings = {
				ALWAYS_EMBED_SWIFT_STANDARD_LIBRARIES = YES;
				ASSETCATALOG_COMPILER_APPICON_NAME = AppIcon;
				CODE_SIGN_STYLE = Automatic;
				DEVELOPMENT_TEAM = 5P99QDD6WR;
				INFOPLIST_FILE = Example/Info.plist;
				IPHONEOS_DEPLOYMENT_TARGET = 12.0;
				LD_RUNPATH_SEARCH_PATHS = (
					"$(inherited)",
					"@executable_path/Frameworks",
				);
				PRODUCT_BUNDLE_IDENTIFIER = com.jacobsikorski.DiskKit.Example;
				PRODUCT_NAME = "$(TARGET_NAME)";
				SWIFT_VERSION = 4.2;
				TARGETED_DEVICE_FAMILY = "1,2";
			};
			name = Release;
		};
/* End XCBuildConfiguration section */

/* Begin XCConfigurationList section */
		DA4AEE91215C5DA600952456 /* Build configuration list for PBXNativeTarget "ExampleTests" */ = {
			isa = XCConfigurationList;
			buildConfigurations = (
				DA4AEE92215C5DA600952456 /* Debug */,
				DA4AEE93215C5DA600952456 /* Release */,
			);
			defaultConfigurationIsVisible = 0;
			defaultConfigurationName = Release;
		};
		DAE4835521447F3E00C19A58 /* Build configuration list for PBXProject "Example" */ = {
			isa = XCConfigurationList;
			buildConfigurations = (
				DAE4838221447F3F00C19A58 /* Debug */,
				DAE4838321447F3F00C19A58 /* Release */,
			);
			defaultConfigurationIsVisible = 0;
			defaultConfigurationName = Release;
		};
		DAE4838421447F3F00C19A58 /* Build configuration list for PBXNativeTarget "Example" */ = {
			isa = XCConfigurationList;
			buildConfigurations = (
				DAE4838521447F3F00C19A58 /* Debug */,
				DAE4838621447F3F00C19A58 /* Release */,
			);
			defaultConfigurationIsVisible = 0;
			defaultConfigurationName = Release;
		};
/* End XCConfigurationList section */
	};
	rootObject = DAE4835221447F3E00C19A58 /* Project object */;
}
